version = 1
revision = 3
requires-python = ">=3.12"

[[package]]
name = "cobbler"
version = "0.1.0"
source = { virtual = "." }
dependencies = [
    { name = "safetensors" },
]

[package.metadata]
requires-dist = [{ name = "safetensors", specifier = ">=0.7.0" }]

[[package]]
name = "safetensors"
version = "0.7.0"
source = { registry = "https://pypi.org/simple" }
sdist = { url = "https://files.pythonhosted.org/packages/29/9c/6e74567782559a63bd040a236edca26fd71bc7ba88de2ef35d75df3bca5e/safetensors-0.7.0.tar.gz", hash = "sha256:07663963b67e8bd9f0b8ad15bb9163606cd27cc5a1b96235a50d8369803b96b0", size = 200878, upload-time = "2025-11-19T15:18:43.199Z" }
wheels = [
    { url = "https://files.pythonhosted.org/packages/fa/47/aef6c06649039accf914afef490268e1067ed82be62bcfa5b7e886ad15e8/safetensors-0.7.0-cp38-abi3-macosx_10_12_x86_64.whl", hash = "sha256:c82f4d474cf725255d9e6acf17252991c3c8aac038d6ef363a4bf8be2f6db517", size = 467781, upload-time = "2025-11-19T15:18:35.84Z" },
    { url = "https://files.pythonhosted.org/packages/e8/00/374c0c068e30cd31f1e1b46b4b5738168ec79e7689ca82ee93ddfea05109/safetensors-0.7.0-cp38-abi3-macosx_11_0_arm64.whl", hash = "sha256:94fd4858284736bb67a897a41608b5b0c2496c9bdb3bf2af1fa3409127f20d57", size = 447058, upload-time = "2025-11-19T15:18:34.416Z" },
    { url = "https://files.pythonhosted.org/packages/f1/06/578ffed52c2296f93d7fd2d844cabfa92be51a587c38c8afbb8ae449ca89/safetensors-0.7.0-cp38-abi3-manylinux_2_17_aarch64.manylinux2014_aarch64.whl", hash = "sha256:e07d91d0c92a31200f25351f4acb2bc6aff7f48094e13ebb1d0fb995b54b6542", size = 491748, upload-time = "2025-11-19T15:18:09.79Z" },
    { url = "https://files.pythonhosted.org/packages/ae/33/1debbbb70e4791dde185edb9413d1fe01619255abb64b300157d7f15dddd/safetensors-0.7.0-cp38-abi3-manylinux_2_17_armv7l.manylinux2014_armv7l.whl", hash = "sha256:8469155f4cb518bafb4acf4865e8bb9d6804110d2d9bdcaa78564b9fd841e104", size = 503881, upload-time = "2025-11-19T15:18:16.145Z" },
    { url = "https://files.pythonhosted.org/packages/8e/1c/40c2ca924d60792c3be509833df711b553c60effbd91da6f5284a83f7122/safetensors-0.7.0-cp38-abi3-manylinux_2_17_ppc64le.manylinux2014_ppc64le.whl", hash = "sha256:54bef08bf00a2bff599982f6b08e8770e09cc012d7bba00783fc7ea38f1fb37d", size = 623463, upload-time = "2025-11-19T15:18:21.11Z" },
    { url = "https://files.pythonhosted.org/packages/9b/3a/13784a9364bd43b0d61eef4bea2845039bc2030458b16594a1bd787ae26e/safetensors-0.7.0-cp38-abi3-manylinux_2_17_s390x.manylinux2014_s390x.whl", hash = "sha256:42cb091236206bb2016d245c377ed383aa7f78691748f3bb6ee1bfa51ae2ce6a", size = 532855, upload-time = "2025-11-19T15:18:25.719Z" },
    { url = "https://files.pythonhosted.org/packages/a0/60/429e9b1cb3fc651937727befe258ea24122d9663e4d5709a48c9cbfceecb/safetensors-0.7.0-cp38-abi3-manylinux_2_17_x86_64.manylinux2014_x86_64.whl", hash = "sha256:dac7252938f0696ddea46f5e855dd3138444e82236e3be475f54929f0c510d48", size = 507152, upload-time = "2025-11-19T15:18:33.023Z" },
    { url = "https://files.pythonhosted.org/packages/3c/a8/4b45e4e059270d17af60359713ffd83f97900d45a6afa73aaa0d737d48b6/safetensors-0.7.0-cp38-abi3-manylinux_2_5_i686.manylinux1_i686.whl", hash = "sha256:1d060c70284127fa805085d8f10fbd0962792aed71879d00864acda69dbab981", size = 541856, upload-time = "2025-11-19T15:18:31.075Z" },
    { url = "https://files.pythonhosted.org/packages/06/87/d26d8407c44175d8ae164a95b5a62707fcc445f3c0c56108e37d98070a3d/safetensors-0.7.0-cp38-abi3-musllinux_1_2_aarch64.whl", hash = "sha256:cdab83a366799fa730f90a4ebb563e494f28e9e92c4819e556152ad55e43591b", size = 674060, upload-time = "2025-11-19T15:18:37.211Z" },
    { url = "https://files.pythonhosted.org/packages/11/f5/57644a2ff08dc6325816ba7217e5095f17269dada2554b658442c66aed51/safetensors-0.7.0-cp38-abi3-musllinux_1_2_armv7l.whl", hash = "sha256:672132907fcad9f2aedcb705b2d7b3b93354a2aec1b2f706c4db852abe338f85", size = 771715, upload-time = "2025-11-19T15:18:38.689Z" },
    { url = "https://files.pythonhosted.org/packages/86/31/17883e13a814bd278ae6e266b13282a01049b0c81341da7fd0e3e71a80a3/safetensors-0.7.0-cp38-abi3-musllinux_1_2_i686.whl", hash = "sha256:5d72abdb8a4d56d4020713724ba81dac065fedb7f3667151c4a637f1d3fb26c0", size = 714377, upload-time = "2025-11-19T15:18:40.162Z" },
    { url = "https://files.pythonhosted.org/packages/4a/d8/0c8a7dc9b41dcac53c4cbf9df2b9c83e0e0097203de8b37a712b345c0be5/safetensors-0.7.0-cp38-abi3-musllinux_1_2_x86_64.whl", hash = "sha256:b0f6d66c1c538d5a94a73aa9ddca8ccc4227e6c9ff555322ea40bdd142391dd4", size = 677368, upload-time = "2025-11-19T15:18:41.627Z" },
    { url = "https://files.pythonhosted.org/packages/05/e5/cb4b713c8a93469e3c5be7c3f8d77d307e65fe89673e731f5c2bfd0a9237/safetensors-0.7.0-cp38-abi3-win32.whl", hash = "sha256:c74af94bf3ac15ac4d0f2a7c7b4663a15f8c2ab15ed0fc7531ca61d0835eccba", size = 326423, upload-time = "2025-11-19T15:18:45.74Z" },
    { url = "https://files.pythonhosted.org/packages/5d/e6/ec8471c8072382cb91233ba7267fd931219753bb43814cbc71757bfd4dab/safetensors-0.7.0-cp38-abi3-win_amd64.whl", hash = "sha256:d1239932053f56f3456f32eb9625590cc7582e905021f94636202a864d470755", size = 341380, upload-time = "2025-11-19T15:18:44.427Z" },
]
